// !$*UTF8*$!
{
	archiveVersion = 1;
	classes = {
	};
	objectVersion = 46;
	objects = {

/* Begin PBXBuildFile section */
		7AD706321BF84C35006FB0CD /* main.m in Sources */ = {isa = PBXBuildFile; fileRef = 7AD706311BF84C35006FB0CD /* main.m */; };
		7AD706351BF84C35006FB0CD /* AppDelegate.m in Sources */ = {isa = PBXBuildFile; fileRef = 7AD706341BF84C35006FB0CD /* AppDelegate.m */; };
		7AD706381BF84C35006FB0CD /* ViewController.m in Sources */ = {isa = PBXBuildFile; fileRef = 7AD706371BF84C35006FB0CD /* ViewController.m */; };
		7AD7063B1BF84C35006FB0CD /* Main.storyboard in Resources */ = {isa = PBXBuildFile; fileRef = 7AD706391BF84C35006FB0CD /* Main.storyboard */; };
		7AD7063D1BF84C35006FB0CD /* Assets.xcassets in Resources */ = {isa = PBXBuildFile; fileRef = 7AD7063C1BF84C35006FB0CD /* Assets.xcassets */; };
		7AD706401BF84C35006FB0CD /* LaunchScreen.storyboard in Resources */ = {isa = PBXBuildFile; fileRef = 7AD7063E1BF84C35006FB0CD /* LaunchScreen.storyboard */; };
		7AD7064B1BF84C35006FB0CD /* TestiPhone2Tests.m in Sources */ = {isa = PBXBuildFile; fileRef = 7AD7064A1BF84C35006FB0CD /* TestiPhone2Tests.m */; };
		7AD706561BF84C35006FB0CD /* TestiPhone2UITests.m in Sources */ = {isa = PBXBuildFile; fileRef = 7AD706551BF84C35006FB0CD /* TestiPhone2UITests.m */; };
/* End PBXBuildFile section */

/* Begin PBXContainerItemProxy section */
		7AD706471BF84C35006FB0CD /* PBXContainerItemProxy */ = {
			isa = PBXContainerItemProxy;
			containerPortal = 7AD706251BF84C35006FB0CD /* Project object */;
			proxyType = 1;
			remoteGlobalIDString = 7AD7062C1BF84C35006FB0CD;
			remoteInfo = TestiPhone2;
		};
		7AD706521BF84C35006FB0CD /* PBXContainerItemProxy */ = {
			isa = PBXContainerItemProxy;
			containerPortal = 7AD706251BF84C35006FB0CD /* Project object */;
			proxyType = 1;
			remoteGlobalIDString = 7AD7062C1BF84C35006FB0CD;
			remoteInfo = TestiPhone2;
		};
/* End PBXContainerItemProxy section */

/* Begin PBXFileReference section */
		7AD7062D1BF84C35006FB0CD /* TestiPhone2.app */ = {isa = PBXFileReference; explicitFileType = wrapper.application; includeInIndex = 0; path = TestiPhone2.app; sourceTree = BUILT_PRODUCTS_DIR; };
		7AD706311BF84C35006FB0CD /* main.m */ = {isa = PBXFileReference; lastKnownFileType = sourcecode.c.objc; path = main.m; sourceTree = "<group>"; };
		7AD706331BF84C35006FB0CD /* AppDelegate.h */ = {isa = PBXFileReference; lastKnownFileType = sourcecode.c.h; path = AppDelegate.h; sourceTree = "<group>"; };
		7AD706341BF84C35006FB0CD /* AppDelegate.m */ = {isa = PBXFileReference; lastKnownFileType = sourcecode.c.objc; path = AppDelegate.m; sourceTree = "<group>"; };
		7AD706361BF84C35006FB0CD /* ViewController.h */ = {isa = PBXFileReference; lastKnownFileType = sourcecode.c.h; path = ViewController.h; sourceTree = "<group>"; };
		7AD706371BF84C35006FB0CD /* ViewController.m */ = {isa = PBXFileReference; lastKnownFileType = sourcecode.c.objc; path = ViewController.m; sourceTree = "<group>"; };
		7AD7063A1BF84C35006FB0CD /* Base */ = {isa = PBXFileReference; lastKnownFileType = file.storyboard; name = Base; path = Base.lproj/Main.storyboard; sourceTree = "<group>"; };
		7AD7063C1BF84C35006FB0CD /* Assets.xcassets */ = {isa = PBXFileReference; lastKnownFileType = folder.assetcatalog; path = Assets.xcassets; sourceTree = "<group>"; };
		7AD7063F1BF84C35006FB0CD /* Base */ = {isa = PBXFileReference; lastKnownFileType = file.storyboard; name = Base; path = Base.lproj/LaunchScreen.storyboard; sourceTree = "<group>"; };
		7AD706411BF84C35006FB0CD /* Info.plist */ = {isa = PBXFileReference; lastKnownFileType = text.plist.xml; path = Info.plist; sourceTree = "<group>"; };
		7AD706461BF84C35006FB0CD /* TestiPhone2Tests.xctest */ = {isa = PBXFileReference; explicitFileType = wrapper.cfbundle; includeInIndex = 0; path = TestiPhone2Tests.xctest; sourceTree = BUILT_PRODUCTS_DIR; };
		7AD7064A1BF84C35006FB0CD /* TestiPhone2Tests.m */ = {isa = PBXFileReference; lastKnownFileType = sourcecode.c.objc; path = TestiPhone2Tests.m; sourceTree = "<group>"; };
		7AD7064C1BF84C35006FB0CD /* Info.plist */ = {isa = PBXFileReference; lastKnownFileType = text.plist.xml; path = Info.plist; sourceTree = "<group>"; };
		7AD706511BF84C35006FB0CD /* TestiPhone2UITests.xctest */ = {isa = PBXFileReference; explicitFileType = wrapper.cfbundle; includeInIndex = 0; path = TestiPhone2UITests.xctest; sourceTree = BUILT_PRODUCTS_DIR; };
		7AD706551BF84C35006FB0CD /* TestiPhone2UITests.m */ = {isa = PBXFileReference; lastKnownFileType = sourcecode.c.objc; path = TestiPhone2UITests.m; sourceTree = "<group>"; };
		7AD706571BF84C35006FB0CD /* Info.plist */ = {isa = PBXFileReference; lastKnownFileType = text.plist.xml; path = Info.plist; sourceTree = "<group>"; };
/* End PBXFileReference section */

/* Begin PBXFrameworksBuildPhase section */
		7AD7062A1BF84C35006FB0CD /* Frameworks */ = {
			isa = PBXFrameworksBuildPhase;
			buildActionMask = 2147483647;
			files = (
			);
			runOnlyForDeploymentPostprocessing = 0;
		};
		7AD706431BF84C35006FB0CD /* Frameworks */ = {
			isa = PBXFrameworksBuildPhase;
			buildActionMask = 2147483647;
			files = (
			);
			runOnlyForDeploymentPostprocessing = 0;
		};
		7AD7064E1BF84C35006FB0CD /* Frameworks */ = {
			isa = PBXFrameworksBuildPhase;
			buildActionMask = 2147483647;
			files = (
			);
			runOnlyForDeploymentPostprocessing = 0;
		};
/* End PBXFrameworksBuildPhase section */

/* Begin PBXGroup section */
		7AD706241BF84C35006FB0CD = {
			isa = PBXGroup;
			children = (
				7AD7062F1BF84C35006FB0CD /* TestiPhone2 */,
				7AD706491BF84C35006FB0CD /* TestiPhone2Tests */,
				7AD706541BF84C35006FB0CD /* TestiPhone2UITests */,
				7AD7062E1BF84C35006FB0CD /* Products */,
			);
			sourceTree = "<group>";
		};
		7AD7062E1BF84C35006FB0CD /* Products */ = {
			isa = PBXGroup;
			children = (
				7AD7062D1BF84C35006FB0CD /* TestiPhone2.app */,
				7AD706461BF84C35006FB0CD /* TestiPhone2Tests.xctest */,
				7AD706511BF84C35006FB0CD /* TestiPhone2UITests.xctest */,
			);
			name = Products;
			sourceTree = "<group>";
		};
		7AD7062F1BF84C35006FB0CD /* TestiPhone2 */ = {
			isa = PBXGroup;
			children = (
				7AD706331BF84C35006FB0CD /* AppDelegate.h */,
				7AD706341BF84C35006FB0CD /* AppDelegate.m */,
				7AD706361BF84C35006FB0CD /* ViewController.h */,
				7AD706371BF84C35006FB0CD /* ViewController.m */,
				7AD706391BF84C35006FB0CD /* Main.storyboard */,
				7AD7063C1BF84C35006FB0CD /* Assets.xcassets */,
				7AD7063E1BF84C35006FB0CD /* LaunchScreen.storyboard */,
				7AD706411BF84C35006FB0CD /* Info.plist */,
				7AD706301BF84C35006FB0CD /* Supporting Files */,
			);
			path = TestiPhone2;
			sourceTree = "<group>";
		};
		7AD706301BF84C35006FB0CD /* Supporting Files */ = {
			isa = PBXGroup;
			children = (
				7AD706311BF84C35006FB0CD /* main.m */,
			);
			name = "Supporting Files";
			sourceTree = "<group>";
		};
		7AD706491BF84C35006FB0CD /* TestiPhone2Tests */ = {
			isa = PBXGroup;
			children = (
				7AD7064A1BF84C35006FB0CD /* TestiPhone2Tests.m */,
				7AD7064C1BF84C35006FB0CD /* Info.plist */,
			);
			path = TestiPhone2Tests;
			sourceTree = "<group>";
		};
		7AD706541BF84C35006FB0CD /* TestiPhone2UITests */ = {
			isa = PBXGroup;
			children = (
				7AD706551BF84C35006FB0CD /* TestiPhone2UITests.m */,
				7AD706571BF84C35006FB0CD /* Info.plist */,
			);
			path = TestiPhone2UITests;
			sourceTree = "<group>";
		};
/* End PBXGroup section */

/* Begin PBXNativeTarget section */
		7AD7062C1BF84C35006FB0CD /* TestiPhone2 */ = {
			isa = PBXNativeTarget;
			buildConfigurationList = 7AD7065A1BF84C35006FB0CD /* Build configuration list for PBXNativeTarget "TestiPhone2" */;
			buildPhases = (
				7AD706291BF84C35006FB0CD /* Sources */,
				7AD7062A1BF84C35006FB0CD /* Frameworks */,
				7AD7062B1BF84C35006FB0CD /* Resources */,
			);
			buildRules = (
			);
			dependencies = (
			);
			name = TestiPhone2;
			productName = TestiPhone2;
			productReference = 7AD7062D1BF84C35006FB0CD /* TestiPhone2.app */;
			productType = "com.apple.product-type.application";
		};
		7AD706451BF84C35006FB0CD /* TestiPhone2Tests */ = {
			isa = PBXNativeTarget;
			buildConfigurationList = 7AD7065D1BF84C35006FB0CD /* Build configuration list for PBXNativeTarget "TestiPhone2Tests" */;
			buildPhases = (
				7AD706421BF84C35006FB0CD /* Sources */,
				7AD706431BF84C35006FB0CD /* Frameworks */,
				7AD706441BF84C35006FB0CD /* Resources */,
			);
			buildRules = (
			);
			dependencies = (
				7AD706481BF84C35006FB0CD /* PBXTargetDependency */,
			);
			name = TestiPhone2Tests;
			productName = TestiPhone2Tests;
			productReference = 7AD706461BF84C35006FB0CD /* TestiPhone2Tests.xctest */;
			productType = "com.apple.product-type.bundle.unit-test";
		};
		7AD706501BF84C35006FB0CD /* TestiPhone2UITests */ = {
			isa = PBXNativeTarget;
			buildConfigurationList = 7AD706601BF84C35006FB0CD /* Build configuration list for PBXNativeTarget "TestiPhone2UITests" */;
			buildPhases = (
				7AD7064D1BF84C35006FB0CD /* Sources */,
				7AD7064E1BF84C35006FB0CD /* Frameworks */,
				7AD7064F1BF84C35006FB0CD /* Resources */,
			);
			buildRules = (
			);
			dependencies = (
				7AD706531BF84C35006FB0CD /* PBXTargetDependency */,
			);
			name = TestiPhone2UITests;
			productName = TestiPhone2UITests;
			productReference = 7AD706511BF84C35006FB0CD /* TestiPhone2UITests.xctest */;
			productType = "com.apple.product-type.bundle.ui-testing";
		};
/* End PBXNativeTarget section */

/* Begin PBXProject section */
		7AD706251BF84C35006FB0CD /* Project object */ = {
			isa = PBXProject;
			attributes = {
				LastUpgradeCheck = 0710;
				ORGANIZATIONNAME = "李 玥瑶";
				TargetAttributes = {
					7AD7062C1BF84C35006FB0CD = {
						CreatedOnToolsVersion = 7.1.1;
					};
					7AD706451BF84C35006FB0CD = {
						CreatedOnToolsVersion = 7.1.1;
						TestTargetID = 7AD7062C1BF84C35006FB0CD;
					};
					7AD706501BF84C35006FB0CD = {
						CreatedOnToolsVersion = 7.1.1;
						TestTargetID = 7AD7062C1BF84C35006FB0CD;
					};
				};
			};
			buildConfigurationList = 7AD706281BF84C35006FB0CD /* Build configuration list for PBXProject "TestiPhone2" */;
			compatibilityVersion = "Xcode 3.2";
			developmentRegion = English;
			hasScannedForEncodings = 0;
			knownRegions = (
				en,
				Base,
			);
			mainGroup = 7AD706241BF84C35006FB0CD;
			productRefGroup = 7AD7062E1BF84C35006FB0CD /* Products */;
			projectDirPath = "";
			projectRoot = "";
			targets = (
				7AD7062C1BF84C35006FB0CD /* TestiPhone2 */,
				7AD706451BF84C35006FB0CD /* TestiPhone2Tests */,
				7AD706501BF84C35006FB0CD /* TestiPhone2UITests */,
			);
		};
/* End PBXProject section */

/* Begin PBXResourcesBuildPhase section */
		7AD7062B1BF84C35006FB0CD /* Resources */ = {
			isa = PBXResourcesBuildPhase;
			buildActionMask = 2147483647;
			files = (
				7AD706401BF84C35006FB0CD /* LaunchScreen.storyboard in Resources */,
				7AD7063D1BF84C35006FB0CD /* Assets.xcassets in Resources */,
				7AD7063B1BF84C35006FB0CD /* Main.storyboard in Resources */,
			);
			runOnlyForDeploymentPostprocessing = 0;
		};
		7AD706441BF84C35006FB0CD /* Resources */ = {
			isa = PBXResourcesBuildPhase;
			buildActionMask = 2147483647;
			files = (
			);
			runOnlyForDeploymentPostprocessing = 0;
		};
		7AD7064F1BF84C35006FB0CD /* Resources */ = {
			isa = PBXResourcesBuildPhase;
			buildActionMask = 2147483647;
			files = (
			);
			runOnlyForDeploymentPostprocessing = 0;
		};
/* End PBXResourcesBuildPhase section */

/* Begin PBXSourcesBuildPhase section */
		7AD706291BF84C35006FB0CD /* Sources */ = {
			isa = PBXSourcesBuildPhase;
			buildActionMask = 2147483647;
			files = (
				7AD706381BF84C35006FB0CD /* ViewController.m in Sources */,
				7AD706351BF84C35006FB0CD /* AppDelegate.m in Sources */,
				7AD706321BF84C35006FB0CD /* main.m in Sources */,
			);
			runOnlyForDeploymentPostprocessing = 0;
		};
		7AD706421BF84C35006FB0CD /* Sources */ = {
			isa = PBXSourcesBuildPhase;
			buildActionMask = 2147483647;
			files = (
				7AD7064B1BF84C35006FB0CD /* TestiPhone2Tests.m in Sources */,
			);
			runOnlyForDeploymentPostprocessing = 0;
		};
		7AD7064D1BF84C35006FB0CD /* Sources */ = {
			isa = PBXSourcesBuildPhase;
			buildActionMask = 2147483647;
			files = (
				7AD706561BF84C35006FB0CD /* TestiPhone2UITests.m in Sources */,
			);
			runOnlyForDeploymentPostprocessing = 0;
		};
/* End PBXSourcesBuildPhase section */

/* Begin PBXTargetDependency section */
		7AD706481BF84C35006FB0CD /* PBXTargetDependency */ = {
			isa = PBXTargetDependency;
			target = 7AD7062C1BF84C35006FB0CD /* TestiPhone2 */;
			targetProxy = 7AD706471BF84C35006FB0CD /* PBXContainerItemProxy */;
		};
		7AD706531BF84C35006FB0CD /* PBXTargetDependency */ = {
			isa = PBXTargetDependency;
			target = 7AD7062C1BF84C35006FB0CD /* TestiPhone2 */;
			targetProxy = 7AD706521BF84C35006FB0CD /* PBXContainerItemProxy */;
		};
/* End PBXTargetDependency section */

/* Begin PBXVariantGroup section */
		7AD706391BF84C35006FB0CD /* Main.storyboard */ = {
			isa = PBXVariantGroup;
			children = (
				7AD7063A1BF84C35006FB0CD /* Base */,
			);
			name = Main.storyboard;
			sourceTree = "<group>";
		};
		7AD7063E1BF84C35006FB0CD /* LaunchScreen.storyboard */ = {
			isa = PBXVariantGroup;
			children = (
				7AD7063F1BF84C35006FB0CD /* Base */,
			);
			name = LaunchScreen.storyboard;
			sourceTree = "<group>";
		};
/* End PBXVariantGroup section */

/* Begin XCBuildConfiguration section */
		7AD706581BF84C35006FB0CD /* Debug */ = {
			isa = XCBuildConfiguration;
			buildSettings = {
				ALWAYS_SEARCH_USER_PATHS = NO;
				CLANG_CXX_LANGUAGE_STANDARD = "gnu++0x";
				CLANG_CXX_LIBRARY = "libc++";
				CLANG_ENABLE_MODULES = YES;
				CLANG_ENABLE_OBJC_ARC = YES;
				CLANG_WARN_BOOL_CONVERSION = YES;
				CLANG_WARN_CONSTANT_CONVERSION = YES;
				CLANG_WARN_DIRECT_OBJC_ISA_USAGE = YES_ERROR;
				CLANG_WARN_EMPTY_BODY = YES;
				CLANG_WARN_ENUM_CONVERSION = YES;
				CLANG_WARN_INT_CONVERSION = YES;
				CLANG_WARN_OBJC_ROOT_CLASS = YES_ERROR;
				CLANG_WARN_UNREACHABLE_CODE = YES;
				CLANG_WARN__DUPLICATE_METHOD_MATCH = YES;
				"CODE_SIGN_IDENTITY[sdk=iphoneos*]" = "iPhone Developer";
				COPY_PHASE_STRIP = NO;
				DEBUG_INFORMATION_FORMAT = dwarf;
				ENABLE_STRICT_OBJC_MSGSEND = YES;
				ENABLE_TESTABILITY = YES;
				GCC_C_LANGUAGE_STANDARD = gnu99;
				GCC_DYNAMIC_NO_PIC = NO;
				GCC_NO_COMMON_BLOCKS = YES;
				GCC_OPTIMIZATION_LEVEL = 0;
				GCC_PREPROCESSOR_DEFINITIONS = (
					"DEBUG=1",
					"$(inherited)",
				);
				GCC_WARN_64_TO_32_BIT_CONVERSION = YES;
				GCC_WARN_ABOUT_RETURN_TYPE = YES_ERROR;
				GCC_WARN_UNDECLARED_SELECTOR = YES;
				GCC_WARN_UNINITIALIZED_AUTOS = YES_AGGRESSIVE;
				GCC_WARN_UNUSED_FUNCTION = YES;
				GCC_WARN_UNUSED_VARIABLE = YES;
				IPHONEOS_DEPLOYMENT_TARGET = 9.1;
				MTL_ENABLE_DEBUG_INFO = YES;
				ONLY_ACTIVE_ARCH = YES;
				SDKROOT = iphoneos;
			};
			name = Debug;
		};
		7AD706591BF84C35006FB0CD /* Release */ = {
			isa = XCBuildConfiguration;
			buildSettings = {
				ALWAYS_SEARCH_USER_PATHS = NO;
				CLANG_CXX_LANGUAGE_STANDARD = "gnu++0x";
				CLANG_CXX_LIBRARY = "libc++";
				CLANG_ENABLE_MODULES = YES;
				CLANG_ENABLE_OBJC_ARC = YES;
				CLANG_WARN_BOOL_CONVERSION = YES;
				CLANG_WARN_CONSTANT_CONVERSION = YES;
				CLANG_WARN_DIRECT_OBJC_ISA_USAGE = YES_ERROR;
				CLANG_WARN_EMPTY_BODY = YES;
				CLANG_WARN_ENUM_CONVERSION = YES;
				CLANG_WARN_INT_CONVERSION = YES;
				CLANG_WARN_OBJC_ROOT_CLASS = YES_ERROR;
				CLANG_WARN_UNREACHABLE_CODE = YES;
				CLANG_WARN__DUPLICATE_METHOD_MATCH = YES;
				"CODE_SIGN_IDENTITY[sdk=iphoneos*]" = "iPhone Developer";
				COPY_PHASE_STRIP = NO;
				DEBUG_INFORMATION_FORMAT = "dwarf-with-dsym";
				ENABLE_NS_ASSERTIONS = NO;
				ENABLE_STRICT_OBJC_MSGSEND = YES;
				GCC_C_LANGUAGE_STANDARD = gnu99;
				GCC_NO_COMMON_BLOCKS = YES;
				GCC_WARN_64_TO_32_BIT_CONVERSION = YES;
				GCC_WARN_ABOUT_RETURN_TYPE = YES_ERROR;
				GCC_WARN_UNDECLARED_SELECTOR = YES;
				GCC_WARN_UNINITIALIZED_AUTOS = YES_AGGRESSIVE;
				GCC_WARN_UNUSED_FUNCTION = YES;
				GCC_WARN_UNUSED_VARIABLE = YES;
				IPHONEOS_DEPLOYMENT_TARGET = 9.1;
				MTL_ENABLE_DEBUG_INFO = NO;
				SDKROOT = iphoneos;
				VALIDATE_PRODUCT = YES;
			};
			name = Release;
		};
		7AD7065B1BF84C35006FB0CD /* Debug */ = {
			isa = XCBuildConfiguration;
			buildSettings = {
				ASSETCATALOG_COMPILER_APPICON_NAME = AppIcon;
				INFOPLIST_FILE = TestiPhone2/Info.plist;
				LD_RUNPATH_SEARCH_PATHS = "$(inherited) @executable_path/Frameworks";
				PRODUCT_BUNDLE_IDENTIFIER = com.Lixia.TestiPhone2.TestiPhone2;
				PRODUCT_NAME = "$(TARGET_NAME)";
			};
			name = Debug;
		};
		7AD7065C1BF84C35006FB0CD /* Release */ = {
			isa = XCBuildConfiguration;
			buildSettings = {
				ASSETCATALOG_COMPILER_APPICON_NAME = AppIcon;
				INFOPLIST_FILE = TestiPhone2/Info.plist;
				LD_RUNPATH_SEARCH_PATHS = "$(inherited) @executable_path/Frameworks";
				PRODUCT_BUNDLE_IDENTIFIER = com.Lixia.TestiPhone2.TestiPhone2;
				PRODUCT_NAME = "$(TARGET_NAME)";
			};
			name = Release;
		};
		7AD7065E1BF84C35006FB0CD /* Debug */ = {
			isa = XCBuildConfiguration;
			buildSettings = {
				BUNDLE_LOADER = "$(TEST_HOST)";
				INFOPLIST_FILE = TestiPhone2Tests/Info.plist;
				LD_RUNPATH_SEARCH_PATHS = "$(inherited) @executable_path/Frameworks @loader_path/Frameworks";
				PRODUCT_BUNDLE_IDENTIFIER = com.Lixia.TestiPhone2.TestiPhone2Tests;
				PRODUCT_NAME = "$(TARGET_NAME)";
				TEST_HOST = "$(BUILT_PRODUCTS_DIR)/TestiPhone2.app/TestiPhone2";
			};
			name = Debug;
		};
		7AD7065F1BF84C35006FB0CD /* Release */ = {
			isa = XCBuildConfiguration;
			buildSettings = {
				BUNDLE_LOADER = "$(TEST_HOST)";
				INFOPLIST_FILE = TestiPhone2Tests/Info.plist;
				LD_RUNPATH_SEARCH_PATHS = "$(inherited) @executable_path/Frameworks @loader_path/Frameworks";
				PRODUCT_BUNDLE_IDENTIFIER = com.Lixia.TestiPhone2.TestiPhone2Tests;
				PRODUCT_NAME = "$(TARGET_NAME)";
				TEST_HOST = "$(BUILT_PRODUCTS_DIR)/TestiPhone2.app/TestiPhone2";
			};
			name = Release;
		};
		7AD706611BF84C35006FB0CD /* Debug */ = {
			isa = XCBuildConfiguration;
			buildSettings = {
				INFOPLIST_FILE = TestiPhone2UITests/Info.plist;
				LD_RUNPATH_SEARCH_PATHS = "$(inherited) @executable_path/Frameworks @loader_path/Frameworks";
				PRODUCT_BUNDLE_IDENTIFIER = com.Lixia.TestiPhone2.TestiPhone2UITests;
				PRODUCT_NAME = "$(TARGET_NAME)";
				TEST_TARGET_NAME = TestiPhone2;
				USES_XCTRUNNER = YES;
			};
			name = Debug;
		};
		7AD706621BF84C35006FB0CD /* Release */ = {
			isa = XCBuildConfiguration;
			buildSettings = {
				INFOPLIST_FILE = TestiPhone2UITests/Info.plist;
				LD_RUNPATH_SEARCH_PATHS = "$(inherited) @executable_path/Frameworks @loader_path/Frameworks";
				PRODUCT_BUNDLE_IDENTIFIER = com.Lixia.TestiPhone2.TestiPhone2UITests;
				PRODUCT_NAME = "$(TARGET_NAME)";
				TEST_TARGET_NAME = TestiPhone2;
				USES_XCTRUNNER = YES;
			};
			name = Release;
		};
/* End XCBuildConfiguration section */

/* Begin XCConfigurationList section */
		7AD706281BF84C35006FB0CD /* Build configuration list for PBXProject "TestiPhone2" */ = {
			isa = XCConfigurationList;
			buildConfigurations = (
				7AD706581BF84C35006FB0CD /* Debug */,
				7AD706591BF84C35006FB0CD /* Release */,
			);
			defaultConfigurationIsVisible = 0;
			defaultConfigurationName = Release;
		};
		7AD7065A1BF84C35006FB0CD /* Build configuration list for PBXNativeTarget "TestiPhone2" */ = {
			isa = XCConfigurationList;
			buildConfigurations = (
				7AD7065B1BF84C35006FB0CD /* Debug */,
				7AD7065C1BF84C35006FB0CD /* Release */,
			);
			defaultConfigurationIsVisible = 0;
		};
		7AD7065D1BF84C35006FB0CD /* Build configuration list for PBXNativeTarget "TestiPhone2Tests" */ = {
			isa = XCConfigurationList;
			buildConfigurations = (
				7AD7065E1BF84C35006FB0CD /* Debug */,
				7AD7065F1BF84C35006FB0CD /* Release */,
			);
			defaultConfigurationIsVisible = 0;
		};
		7AD706601BF84C35006FB0CD /* Build configuration list for PBXNativeTarget "TestiPhone2UITests" */ = {
			isa = XCConfigurationList;
			buildConfigurations = (
				7AD706611BF84C35006FB0CD /* Debug */,
				7AD706621BF84C35006FB0CD /* Release */,
			);
			defaultConfigurationIsVisible = 0;
		};
/* End XCConfigurationList section */
	};
	rootObject = 7AD706251BF84C35006FB0CD /* Project object */;
}
