// !$*UTF8*$!
{
	archiveVersion = 1;
	classes = {
	};
	objectVersion = 46;
	objects = {

/* Begin PBXBuildFile section */
		49231E151C2133740045A24E /* ceshi3.png in Resources */ = {isa = PBXBuildFile; fileRef = 49231E141C2133740045A24E /* ceshi3.png */; };
		4957738A1C191E9C00792C4B /* TestBundle.bundle in Resources */ = {isa = PBXBuildFile; fileRef = 495773891C191E9C00792C4B /* TestBundle.bundle */; };
		499716BC1C170BEC00DF35E8 /* main.m in Sources */ = {isa = PBXBuildFile; fileRef = 499716BB1C170BEC00DF35E8 /* main.m */; };
		499716BF1C170BEC00DF35E8 /* AppDelegate.m in Sources */ = {isa = PBXBuildFile; fileRef = 499716BE1C170BEC00DF35E8 /* AppDelegate.m */; };
		499716C21C170BEC00DF35E8 /* ViewController.m in Sources */ = {isa = PBXBuildFile; fileRef = 499716C11C170BEC00DF35E8 /* ViewController.m */; };
		499716C51C170BEC00DF35E8 /* Main.storyboard in Resources */ = {isa = PBXBuildFile; fileRef = 499716C31C170BEC00DF35E8 /* Main.storyboard */; };
		499716C71C170BEC00DF35E8 /* Assets.xcassets in Resources */ = {isa = PBXBuildFile; fileRef = 499716C61C170BEC00DF35E8 /* Assets.xcassets */; };
		499716CA1C170BEC00DF35E8 /* LaunchScreen.storyboard in Resources */ = {isa = PBXBuildFile; fileRef = 499716C81C170BEC00DF35E8 /* LaunchScreen.storyboard */; };
/* End PBXBuildFile section */

/* Begin PBXFileReference section */
		49231E141C2133740045A24E /* ceshi3.png */ = {isa = PBXFileReference; lastKnownFileType = image.png; name = ceshi3.png; path = TestBundle.bundle/ceshi3.png; sourceTree = "<group>"; };
		495773891C191E9C00792C4B /* TestBundle.bundle */ = {isa = PBXFileReference; lastKnownFileType = "wrapper.plug-in"; path = TestBundle.bundle; sourceTree = "<group>"; };
		499716B71C170BEC00DF35E8 /* HelloWorld2.app */ = {isa = PBXFileReference; explicitFileType = wrapper.application; includeInIndex = 0; path = HelloWorld2.app; sourceTree = BUILT_PRODUCTS_DIR; };
		499716BB1C170BEC00DF35E8 /* main.m */ = {isa = PBXFileReference; lastKnownFileType = sourcecode.c.objc; path = main.m; sourceTree = "<group>"; };
		499716BD1C170BEC00DF35E8 /* AppDelegate.h */ = {isa = PBXFileReference; lastKnownFileType = sourcecode.c.h; path = AppDelegate.h; sourceTree = "<group>"; };
		499716BE1C170BEC00DF35E8 /* AppDelegate.m */ = {isa = PBXFileReference; lastKnownFileType = sourcecode.c.objc; path = AppDelegate.m; sourceTree = "<group>"; };
		499716C01C170BEC00DF35E8 /* ViewController.h */ = {isa = PBXFileReference; lastKnownFileType = sourcecode.c.h; path = ViewController.h; sourceTree = "<group>"; };
		499716C11C170BEC00DF35E8 /* ViewController.m */ = {isa = PBXFileReference; lastKnownFileType = sourcecode.c.objc; path = ViewController.m; sourceTree = "<group>"; };
		499716C41C170BEC00DF35E8 /* Base */ = {isa = PBXFileReference; lastKnownFileType = file.storyboard; name = Base; path = Base.lproj/Main.storyboard; sourceTree = "<group>"; };
		499716C61C170BEC00DF35E8 /* Assets.xcassets */ = {isa = PBXFileReference; lastKnownFileType = folder.assetcatalog; path = Assets.xcassets; sourceTree = "<group>"; };
		499716C91C170BEC00DF35E8 /* Base */ = {isa = PBXFileReference; lastKnownFileType = file.storyboard; name = Base; path = Base.lproj/LaunchScreen.storyboard; sourceTree = "<group>"; };
		499716CB1C170BEC00DF35E8 /* Info.plist */ = {isa = PBXFileReference; lastKnownFileType = text.plist.xml; path = Info.plist; sourceTree = "<group>"; };
/* End PBXFileReference section */

/* Begin PBXFrameworksBuildPhase section */
		499716B41C170BEC00DF35E8 /* Frameworks */ = {
			isa = PBXFrameworksBuildPhase;
			buildActionMask = 2147483647;
			files = (
			);
			runOnlyForDeploymentPostprocessing = 0;
		};
/* End PBXFrameworksBuildPhase section */

/* Begin PBXGroup section */
		499716AE1C170BEC00DF35E8 = {
			isa = PBXGroup;
			children = (
				499716B91C170BEC00DF35E8 /* HelloWorld2 */,
				499716B81C170BEC00DF35E8 /* Products */,
			);
			sourceTree = "<group>";
		};
		499716B81C170BEC00DF35E8 /* Products */ = {
			isa = PBXGroup;
			children = (
				499716B71C170BEC00DF35E8 /* HelloWorld2.app */,
			);
			name = Products;
			sourceTree = "<group>";
		};
		499716B91C170BEC00DF35E8 /* HelloWorld2 */ = {
			isa = PBXGroup;
			children = (
				49231E141C2133740045A24E /* ceshi3.png */,
				495773891C191E9C00792C4B /* TestBundle.bundle */,
				499716BD1C170BEC00DF35E8 /* AppDelegate.h */,
				499716BE1C170BEC00DF35E8 /* AppDelegate.m */,
				499716C01C170BEC00DF35E8 /* ViewController.h */,
				499716C11C170BEC00DF35E8 /* ViewController.m */,
				499716C31C170BEC00DF35E8 /* Main.storyboard */,
				499716C61C170BEC00DF35E8 /* Assets.xcassets */,
				499716C81C170BEC00DF35E8 /* LaunchScreen.storyboard */,
				499716CB1C170BEC00DF35E8 /* Info.plist */,
				499716BA1C170BEC00DF35E8 /* Supporting Files */,
			);
			path = HelloWorld2;
			sourceTree = "<group>";
		};
		499716BA1C170BEC00DF35E8 /* Supporting Files */ = {
			isa = PBXGroup;
			children = (
				499716BB1C170BEC00DF35E8 /* main.m */,
			);
			name = "Supporting Files";
			sourceTree = "<group>";
		};
/* End PBXGroup section */

/* Begin PBXNativeTarget section */
		499716B61C170BEC00DF35E8 /* HelloWorld2 */ = {
			isa = PBXNativeTarget;
			buildConfigurationList = 499716CE1C170BEC00DF35E8 /* Build configuration list for PBXNativeTarget "HelloWorld2" */;
			buildPhases = (
				499716B31C170BEC00DF35E8 /* Sources */,
				499716B41C170BEC00DF35E8 /* Frameworks */,
				499716B51C170BEC00DF35E8 /* Resources */,
			);
			buildRules = (
			);
			dependencies = (
			);
			name = HelloWorld2;
			productName = HelloWorld2;
			productReference = 499716B71C170BEC00DF35E8 /* HelloWorld2.app */;
			productType = "com.apple.product-type.application";
		};
/* End PBXNativeTarget section */

/* Begin PBXProject section */
		499716AF1C170BEC00DF35E8 /* Project object */ = {
			isa = PBXProject;
			attributes = {
				LastUpgradeCheck = 0710;
				ORGANIZATIONNAME = yssj;
				TargetAttributes = {
					499716B61C170BEC00DF35E8 = {
						CreatedOnToolsVersion = 7.1;
					};
				};
			};
			buildConfigurationList = 499716B21C170BEC00DF35E8 /* Build configuration list for PBXProject "HelloWorld2" */;
			compatibilityVersion = "Xcode 3.2";
			developmentRegion = English;
			hasScannedForEncodings = 0;
			knownRegions = (
				en,
				Base,
			);
			mainGroup = 499716AE1C170BEC00DF35E8;
			productRefGroup = 499716B81C170BEC00DF35E8 /* Products */;
			projectDirPath = "";
			projectRoot = "";
			targets = (
				499716B61C170BEC00DF35E8 /* HelloWorld2 */,
			);
		};
/* End PBXProject section */

/* Begin PBXResourcesBuildPhase section */
		499716B51C170BEC00DF35E8 /* Resources */ = {
			isa = PBXResourcesBuildPhase;
			buildActionMask = 2147483647;
			files = (
				499716CA1C170BEC00DF35E8 /* LaunchScreen.storyboard in Resources */,
				499716C71C170BEC00DF35E8 /* Assets.xcassets in Resources */,
				499716C51C170BEC00DF35E8 /* Main.storyboard in Resources */,
				49231E151C2133740045A24E /* ceshi3.png in Resources */,
				4957738A1C191E9C00792C4B /* TestBundle.bundle in Resources */,
			);
			runOnlyForDeploymentPostprocessing = 0;
		};
/* End PBXResourcesBuildPhase section */

/* Begin PBXSourcesBuildPhase section */
		499716B31C170BEC00DF35E8 /* Sources */ = {
			isa = PBXSourcesBuildPhase;
			buildActionMask = 2147483647;
			files = (
				499716C21C170BEC00DF35E8 /* ViewController.m in Sources */,
				499716BF1C170BEC00DF35E8 /* AppDelegate.m in Sources */,
				499716BC1C170BEC00DF35E8 /* main.m in Sources */,
			);
			runOnlyForDeploymentPostprocessing = 0;
		};
/* End PBXSourcesBuildPhase section */

/* Begin PBXVariantGroup section */
		499716C31C170BEC00DF35E8 /* Main.storyboard */ = {
			isa = PBXVariantGroup;
			children = (
				499716C41C170BEC00DF35E8 /* Base */,
			);
			name = Main.storyboard;
			sourceTree = "<group>";
		};
		499716C81C170BEC00DF35E8 /* LaunchScreen.storyboard */ = {
			isa = PBXVariantGroup;
			children = (
				499716C91C170BEC00DF35E8 /* Base */,
			);
			name = LaunchScreen.storyboard;
			sourceTree = "<group>";
		};
/* End PBXVariantGroup section */

/* Begin XCBuildConfiguration section */
		499716CC1C170BEC00DF35E8 /* Debug */ = {
			isa = XCBuildConfiguration;
			buildSettings = {
				ALWAYS_SEARCH_USER_PATHS = NO;
				CLANG_CXX_LANGUAGE_STANDARD = "gnu++0x";
				CLANG_CXX_LIBRARY = "libc++";
				CLANG_ENABLE_MODULES = YES;
				CLANG_ENABLE_OBJC_ARC = YES;
				CLANG_WARN_BOOL_CONVERSION = YES;
				CLANG_WARN_CONSTANT_CONVERSION = YES;
				CLANG_WARN_DIRECT_OBJC_ISA_USAGE = YES_ERROR;
				CLANG_WARN_EMPTY_BODY = YES;
				CLANG_WARN_ENUM_CONVERSION = YES;
				CLANG_WARN_INT_CONVERSION = YES;
				CLANG_WARN_OBJC_ROOT_CLASS = YES_ERROR;
				CLANG_WARN_UNREACHABLE_CODE = YES;
				CLANG_WARN__DUPLICATE_METHOD_MATCH = YES;
				"CODE_SIGN_IDENTITY[sdk=iphoneos*]" = "iPhone Developer";
				COPY_PHASE_STRIP = NO;
				DEBUG_INFORMATION_FORMAT = dwarf;
				ENABLE_STRICT_OBJC_MSGSEND = YES;
				ENABLE_TESTABILITY = YES;
				GCC_C_LANGUAGE_STANDARD = gnu99;
				GCC_DYNAMIC_NO_PIC = NO;
				GCC_NO_COMMON_BLOCKS = YES;
				GCC_OPTIMIZATION_LEVEL = 0;
				GCC_PREPROCESSOR_DEFINITIONS = (
					"DEBUG=1",
					"$(inherited)",
				);
				GCC_WARN_64_TO_32_BIT_CONVERSION = YES;
				GCC_WARN_ABOUT_RETURN_TYPE = YES_ERROR;
				GCC_WARN_UNDECLARED_SELECTOR = YES;
				GCC_WARN_UNINITIALIZED_AUTOS = YES_AGGRESSIVE;
				GCC_WARN_UNUSED_FUNCTION = YES;
				GCC_WARN_UNUSED_VARIABLE = YES;
				IPHONEOS_DEPLOYMENT_TARGET = 9.1;
				MTL_ENABLE_DEBUG_INFO = YES;
				ONLY_ACTIVE_ARCH = YES;
				SDKROOT = iphoneos;
				TARGETED_DEVICE_FAMILY = "1,2";
			};
			name = Debug;
		};
		499716CD1C170BEC00DF35E8 /* Release */ = {
			isa = XCBuildConfiguration;
			buildSettings = {
				ALWAYS_SEARCH_USER_PATHS = NO;
				CLANG_CXX_LANGUAGE_STANDARD = "gnu++0x";
				CLANG_CXX_LIBRARY = "libc++";
				CLANG_ENABLE_MODULES = YES;
				CLANG_ENABLE_OBJC_ARC = YES;
				CLANG_WARN_BOOL_CONVERSION = YES;
				CLANG_WARN_CONSTANT_CONVERSION = YES;
				CLANG_WARN_DIRECT_OBJC_ISA_USAGE = YES_ERROR;
				CLANG_WARN_EMPTY_BODY = YES;
				CLANG_WARN_ENUM_CONVERSION = YES;
				CLANG_WARN_INT_CONVERSION = YES;
				CLANG_WARN_OBJC_ROOT_CLASS = YES_ERROR;
				CLANG_WARN_UNREACHABLE_CODE = YES;
				CLANG_WARN__DUPLICATE_METHOD_MATCH = YES;
				"CODE_SIGN_IDENTITY[sdk=iphoneos*]" = "iPhone Developer";
				COPY_PHASE_STRIP = NO;
				DEBUG_INFORMATION_FORMAT = "dwarf-with-dsym";
				ENABLE_NS_ASSERTIONS = NO;
				ENABLE_STRICT_OBJC_MSGSEND = YES;
				GCC_C_LANGUAGE_STANDARD = gnu99;
				GCC_NO_COMMON_BLOCKS = YES;
				GCC_WARN_64_TO_32_BIT_CONVERSION = YES;
				GCC_WARN_ABOUT_RETURN_TYPE = YES_ERROR;
				GCC_WARN_UNDECLARED_SELECTOR = YES;
				GCC_WARN_UNINITIALIZED_AUTOS = YES_AGGRESSIVE;
				GCC_WARN_UNUSED_FUNCTION = YES;
				GCC_WARN_UNUSED_VARIABLE = YES;
				IPHONEOS_DEPLOYMENT_TARGET = 9.1;
				MTL_ENABLE_DEBUG_INFO = NO;
				SDKROOT = iphoneos;
				TARGETED_DEVICE_FAMILY = "1,2";
				VALIDATE_PRODUCT = YES;
			};
			name = Release;
		};
		499716CF1C170BEC00DF35E8 /* Debug */ = {
			isa = XCBuildConfiguration;
			buildSettings = {
				ASSETCATALOG_COMPILER_APPICON_NAME = AppIcon;
				INFOPLIST_FILE = HelloWorld2/Info.plist;
				IPHONEOS_DEPLOYMENT_TARGET = 7.0;
				LD_RUNPATH_SEARCH_PATHS = "$(inherited) @executable_path/Frameworks";
				PRODUCT_BUNDLE_IDENTIFIER = com.yssj.HelloWorld2;
				PRODUCT_NAME = "$(TARGET_NAME)";
			};
			name = Debug;
		};
		499716D01C170BEC00DF35E8 /* Release */ = {
			isa = XCBuildConfiguration;
			buildSettings = {
				ASSETCATALOG_COMPILER_APPICON_NAME = AppIcon;
				INFOPLIST_FILE = HelloWorld2/Info.plist;
				IPHONEOS_DEPLOYMENT_TARGET = 7.0;
				LD_RUNPATH_SEARCH_PATHS = "$(inherited) @executable_path/Frameworks";
				PRODUCT_BUNDLE_IDENTIFIER = com.yssj.HelloWorld2;
				PRODUCT_NAME = "$(TARGET_NAME)";
			};
			name = Release;
		};
/* End XCBuildConfiguration section */

/* Begin XCConfigurationList section */
		499716B21C170BEC00DF35E8 /* Build configuration list for PBXProject "HelloWorld2" */ = {
			isa = XCConfigurationList;
			buildConfigurations = (
				499716CC1C170BEC00DF35E8 /* Debug */,
				499716CD1C170BEC00DF35E8 /* Release */,
			);
			defaultConfigurationIsVisible = 0;
			defaultConfigurationName = Release;
		};
		499716CE1C170BEC00DF35E8 /* Build configuration list for PBXNativeTarget "HelloWorld2" */ = {
			isa = XCConfigurationList;
			buildConfigurations = (
				499716CF1C170BEC00DF35E8 /* Debug */,
				499716D01C170BEC00DF35E8 /* Release */,
			);
			defaultConfigurationIsVisible = 0;
			defaultConfigurationName = Release;
		};
/* End XCConfigurationList section */
	};
	rootObject = 499716AF1C170BEC00DF35E8 /* Project object */;
}
